
Microsoft Visual Studio Solution File, Format Version 12.00
# Visual Studio Version 17
VisualStudioVersion = 17.14.36429.23
MinimumVisualStudioVersion = 10.0.40219.1
Project("{2150E333-8FDC-42A3-9474-1A3956D46DE8}") = "Task0", "Task0", "{02EA681E-C7D8-13C7-8484-4AC65E1B71E8}"
EndProject
Project("{FAE04EC0-301F-11D3-BF4B-00C04F79EFBC}") = "Tyuiu.DunaizevAO.Sprint3.Task0.V28", "Tyuiu.DunaizevAO.Sprint3.Task0.V28\Tyuiu.DunaizevAO.Sprint3.Task0.V28.csproj", "{4CDC2AC4-942C-4A53-B37A-0B3241C9463D}"
EndProject
Project("{FAE04EC0-301F-11D3-BF4B-00C04F79EFBC}") = "Tyuiu.DunaizevAO.Sprint3.Task0.V28.Lib", "Tyuiu.DunaizevAO.Sprint3.Task0.V28.Lib\Tyuiu.DunaizevAO.Sprint3.Task0.V28.Lib.csproj", "{6E85B8BB-B908-497E-9118-0B25C2394909}"
EndProject
Project("{FAE04EC0-301F-11D3-BF4B-00C04F79EFBC}") = "Tyuiu.DunaizevAO.Sprint3.Task0.V28.Test", "Tyuiu.DunaizevAO.Sprint3.Task0.V28.Test\Tyuiu.DunaizevAO.Sprint3.Task0.V28.Test.csproj", "{C9906229-C220-4655-B360-55AFC14026B7}"
EndProject
Project("{2150E333-8FDC-42A3-9474-1A3956D46DE8}") = "Task1", "Task1", "{5BC7C773-1082-42EA-B11E-6285544A6A50}"
EndProject
Project("{FAE04EC0-301F-11D3-BF4B-00C04F79EFBC}") = "Tyuiu.DunaizevAO.Sprint3.Task1.V2", "Tyuiu.DunaizevAO.Sprint3.Task1.V2\Tyuiu.DunaizevAO.Sprint3.Task1.V2.csproj", "{03CCA186-AB51-44D1-B9AB-DC5802865F34}"
EndProject
Project("{FAE04EC0-301F-11D3-BF4B-00C04F79EFBC}") = "Tyuiu.DunaizevAO.Sprint3.Task1.V2.Lib", "Tyuiu.DunaizevAO.Sprint3.Task1.V2.Lib\Tyuiu.DunaizevAO.Sprint3.Task1.V2.Lib.csproj", "{7BCAD154-FB19-4AFA-AF30-C5C4201CD2E1}"
EndProject
Project("{FAE04EC0-301F-11D3-BF4B-00C04F79EFBC}") = "Tyuiu.DunaizevAO.Sprint3.Task1.V2.Test", "Tyuiu.DunaizevAO.Sprint3.Task1.V2.Test\Tyuiu.DunaizevAO.Sprint3.Task1.V2.Test.csproj", "{0C4DE6EB-3993-4617-A7E1-7054444FF1DD}"
EndProject
Project("{2150E333-8FDC-42A3-9474-1A3956D46DE8}") = "Task2", "Task2", "{4313AD96-3E74-4A24-8AF9-DFFD807F72C4}"
EndProject
Project("{FAE04EC0-301F-11D3-BF4B-00C04F79EFBC}") = "Tyuiu.DunaizevAO.Sprint3.Task2.V25", "Tyuiu.DunaizevAO.Sprint3.Task2.V25\Tyuiu.DunaizevAO.Sprint3.Task2.V25.csproj", "{CF6EBFE6-A8E5-427D-9E63-9203DFC6D5BF}"
EndProject
Project("{FAE04EC0-301F-11D3-BF4B-00C04F79EFBC}") = "Tyuiu.DunaizevAO.Sprint3.Task2.V25.Lib", "Tyuiu.DunaizevAO.Sprint3.Task2.V25.Lib\Tyuiu.DunaizevAO.Sprint3.Task2.V25.Lib.csproj", "{7594820C-1AB2-467A-AA18-1E2F0ACCB3BC}"
EndProject
Project("{FAE04EC0-301F-11D3-BF4B-00C04F79EFBC}") = "Tyuiu.DunaizevAO.Sprint3.Task2.V25.Test", "Tyuiu.DunaizevAO.Sprint3.Task2.V25.Test\Tyuiu.DunaizevAO.Sprint3.Task2.V25.Test.csproj", "{DB75E9A3-6D8B-46BC-B1C4-F9543416288F}"
EndProject
Project("{2150E333-8FDC-42A3-9474-1A3956D46DE8}") = "Task3", "Task3", "{45A68620-D539-4F72-A998-81ED3F88CF81}"
EndProject
Project("{FAE04EC0-301F-11D3-BF4B-00C04F79EFBC}") = "Tyuiu.DunaizevAO.Sprint3.Task3.V21", "Tyuiu.DunaizevAO.Sprint3.Task3.V21\Tyuiu.DunaizevAO.Sprint3.Task3.V21.csproj", "{FFB476F0-0118-4061-8FA9-05E22540D757}"
EndProject
Project("{FAE04EC0-301F-11D3-BF4B-00C04F79EFBC}") = "Tyuiu.DunaizevAO.Sprint3.Task3.V21.Lib", "Tyuiu.DunaizevAO.Sprint3.Task3.V21.Lib\Tyuiu.DunaizevAO.Sprint3.Task3.V21.Lib.csproj", "{C841B13C-27AE-41B7-8BCD-7B1EA6C3B068}"
EndProject
Project("{FAE04EC0-301F-11D3-BF4B-00C04F79EFBC}") = "Tyuiu.DunaizevAO.Sprint3.Task3.V21.Test", "Tyuiu.DunaizevAO.Sprint3.Task3.V21.Test\Tyuiu.DunaizevAO.Sprint3.Task3.V21.Test.csproj", "{3B726678-CA3D-4C16-92E5-DEFBD502528A}"
EndProject
Project("{2150E333-8FDC-42A3-9474-1A3956D46DE8}") = "Task4", "Task4", "{80DC8C9F-6D31-400A-A4ED-864868E310C0}"
EndProject
Project("{FAE04EC0-301F-11D3-BF4B-00C04F79EFBC}") = "Tyuiu.DunaizevAO.Sprint3.Task4.V5", "Tyuiu.DunaizevAO.Sprint3.Task4.V5\Tyuiu.DunaizevAO.Sprint3.Task4.V5.csproj", "{8AA507B0-EC32-4BDA-94E3-D6BA29D1BA08}"
EndProject
Project("{FAE04EC0-301F-11D3-BF4B-00C04F79EFBC}") = "Tyuiu.DunaizevAO.Sprint3.Task4.V5.Lib", "Tyuiu.DunaizevAO.Sprint3.Task4.V5.Lib\Tyuiu.DunaizevAO.Sprint3.Task4.V5.Lib.csproj", "{C3D01F4C-D37E-45BA-95D5-D825AA6A268D}"
EndProject
Project("{FAE04EC0-301F-11D3-BF4B-00C04F79EFBC}") = "Tyuiu.DunaizevAO.Sprint3.Task4.V5.Test", "Tyuiu.DunaizevAO.Sprint3.Task4.V5.Test\Tyuiu.DunaizevAO.Sprint3.Task4.V5.Test.csproj", "{F7178ED8-C8B5-4454-918B-D2819A3D83BC}"
EndProject
Global
	GlobalSection(SolutionConfigurationPlatforms) = preSolution
		Debug|Any CPU = Debug|Any CPU
		Release|Any CPU = Release|Any CPU
	EndGlobalSection
	GlobalSection(ProjectConfigurationPlatforms) = postSolution
		{4CDC2AC4-942C-4A53-B37A-0B3241C9463D}.Debug|Any CPU.ActiveCfg = Debug|Any CPU
		{4CDC2AC4-942C-4A53-B37A-0B3241C9463D}.Debug|Any CPU.Build.0 = Debug|Any CPU
		{4CDC2AC4-942C-4A53-B37A-0B3241C9463D}.Release|Any CPU.ActiveCfg = Release|Any CPU
		{4CDC2AC4-942C-4A53-B37A-0B3241C9463D}.Release|Any CPU.Build.0 = Release|Any CPU
		{6E85B8BB-B908-497E-9118-0B25C2394909}.Debug|Any CPU.ActiveCfg = Debug|Any CPU
		{6E85B8BB-B908-497E-9118-0B25C2394909}.Debug|Any CPU.Build.0 = Debug|Any CPU
		{6E85B8BB-B908-497E-9118-0B25C2394909}.Release|Any CPU.ActiveCfg = Release|Any CPU
		{6E85B8BB-B908-497E-9118-0B25C2394909}.Release|Any CPU.Build.0 = Release|Any CPU
		{C9906229-C220-4655-B360-55AFC14026B7}.Debug|Any CPU.ActiveCfg = Debug|Any CPU
		{C9906229-C220-4655-B360-55AFC14026B7}.Debug|Any CPU.Build.0 = Debug|Any CPU
		{C9906229-C220-4655-B360-55AFC14026B7}.Release|Any CPU.ActiveCfg = Release|Any CPU
		{C9906229-C220-4655-B360-55AFC14026B7}.Release|Any CPU.Build.0 = Release|Any CPU
		{03CCA186-AB51-44D1-B9AB-DC5802865F34}.Debug|Any CPU.ActiveCfg = Debug|Any CPU
		{03CCA186-AB51-44D1-B9AB-DC5802865F34}.Debug|Any CPU.Build.0 = Debug|Any CPU
		{03CCA186-AB51-44D1-B9AB-DC5802865F34}.Release|Any CPU.ActiveCfg = Release|Any CPU
		{03CCA186-AB51-44D1-B9AB-DC5802865F34}.Release|Any CPU.Build.0 = Release|Any CPU
		{7BCAD154-FB19-4AFA-AF30-C5C4201CD2E1}.Debug|Any CPU.ActiveCfg = Debug|Any CPU
		{7BCAD154-FB19-4AFA-AF30-C5C4201CD2E1}.Debug|Any CPU.Build.0 = Debug|Any CPU
		{7BCAD154-FB19-4AFA-AF30-C5C4201CD2E1}.Release|Any CPU.ActiveCfg = Release|Any CPU
		{7BCAD154-FB19-4AFA-AF30-C5C4201CD2E1}.Release|Any CPU.Build.0 = Release|Any CPU
		{0C4DE6EB-3993-4617-A7E1-7054444FF1DD}.Debug|Any CPU.ActiveCfg = Debug|Any CPU
		{0C4DE6EB-3993-4617-A7E1-7054444FF1DD}.Debug|Any CPU.Build.0 = Debug|Any CPU
		{0C4DE6EB-3993-4617-A7E1-7054444FF1DD}.Release|Any CPU.ActiveCfg = Release|Any CPU
		{0C4DE6EB-3993-4617-A7E1-7054444FF1DD}.Release|Any CPU.Build.0 = Release|Any CPU
		{CF6EBFE6-A8E5-427D-9E63-9203DFC6D5BF}.Debug|Any CPU.ActiveCfg = Debug|Any CPU
		{CF6EBFE6-A8E5-427D-9E63-9203DFC6D5BF}.Debug|Any CPU.Build.0 = Debug|Any CPU
		{CF6EBFE6-A8E5-427D-9E63-9203DFC6D5BF}.Release|Any CPU.ActiveCfg = Release|Any CPU
		{CF6EBFE6-A8E5-427D-9E63-9203DFC6D5BF}.Release|Any CPU.Build.0 = Release|Any CPU
		{7594820C-1AB2-467A-AA18-1E2F0ACCB3BC}.Debug|Any CPU.ActiveCfg = Debug|Any CPU
		{7594820C-1AB2-467A-AA18-1E2F0ACCB3BC}.Debug|Any CPU.Build.0 = Debug|Any CPU
		{7594820C-1AB2-467A-AA18-1E2F0ACCB3BC}.Release|Any CPU.ActiveCfg = Release|Any CPU
		{7594820C-1AB2-467A-AA18-1E2F0ACCB3BC}.Release|Any CPU.Build.0 = Release|Any CPU
		{DB75E9A3-6D8B-46BC-B1C4-F9543416288F}.Debug|Any CPU.ActiveCfg = Debug|Any CPU
		{DB75E9A3-6D8B-46BC-B1C4-F9543416288F}.Debug|Any CPU.Build.0 = Debug|Any CPU
		{DB75E9A3-6D8B-46BC-B1C4-F9543416288F}.Release|Any CPU.ActiveCfg = Release|Any CPU
		{DB75E9A3-6D8B-46BC-B1C4-F9543416288F}.Release|Any CPU.Build.0 = Release|Any CPU
		{FFB476F0-0118-4061-8FA9-05E22540D757}.Debug|Any CPU.ActiveCfg = Debug|Any CPU
		{FFB476F0-0118-4061-8FA9-05E22540D757}.Debug|Any CPU.Build.0 = Debug|Any CPU
		{FFB476F0-0118-4061-8FA9-05E22540D757}.Release|Any CPU.ActiveCfg = Release|Any CPU
		{FFB476F0-0118-4061-8FA9-05E22540D757}.Release|Any CPU.Build.0 = Release|Any CPU
		{C841B13C-27AE-41B7-8BCD-7B1EA6C3B068}.Debug|Any CPU.ActiveCfg = Debug|Any CPU
		{C841B13C-27AE-41B7-8BCD-7B1EA6C3B068}.Debug|Any CPU.Build.0 = Debug|Any CPU
		{C841B13C-27AE-41B7-8BCD-7B1EA6C3B068}.Release|Any CPU.ActiveCfg = Release|Any CPU
		{C841B13C-27AE-41B7-8BCD-7B1EA6C3B068}.Release|Any CPU.Build.0 = Release|Any CPU
		{3B726678-CA3D-4C16-92E5-DEFBD502528A}.Debug|Any CPU.ActiveCfg = Debug|Any CPU
		{3B726678-CA3D-4C16-92E5-DEFBD502528A}.Debug|Any CPU.Build.0 = Debug|Any CPU
		{3B726678-CA3D-4C16-92E5-DEFBD502528A}.Release|Any CPU.ActiveCfg = Release|Any CPU
		{3B726678-CA3D-4C16-92E5-DEFBD502528A}.Release|Any CPU.Build.0 = Release|Any CPU
		{8AA507B0-EC32-4BDA-94E3-D6BA29D1BA08}.Debug|Any CPU.ActiveCfg = Debug|Any CPU
		{8AA507B0-EC32-4BDA-94E3-D6BA29D1BA08}.Debug|Any CPU.Build.0 = Debug|Any CPU
		{8AA507B0-EC32-4BDA-94E3-D6BA29D1BA08}.Release|Any CPU.ActiveCfg = Release|Any CPU
		{8AA507B0-EC32-4BDA-94E3-D6BA29D1BA08}.Release|Any CPU.Build.0 = Release|Any CPU
		{C3D01F4C-D37E-45BA-95D5-D825AA6A268D}.Debug|Any CPU.ActiveCfg = Debug|Any CPU
		{C3D01F4C-D37E-45BA-95D5-D825AA6A268D}.Debug|Any CPU.Build.0 = Debug|Any CPU
		{C3D01F4C-D37E-45BA-95D5-D825AA6A268D}.Release|Any CPU.ActiveCfg = Release|Any CPU
		{C3D01F4C-D37E-45BA-95D5-D825AA6A268D}.Release|Any CPU.Build.0 = Release|Any CPU
		{F7178ED8-C8B5-4454-918B-D2819A3D83BC}.Debug|Any CPU.ActiveCfg = Debug|Any CPU
		{F7178ED8-C8B5-4454-918B-D2819A3D83BC}.Debug|Any CPU.Build.0 = Debug|Any CPU
		{F7178ED8-C8B5-4454-918B-D2819A3D83BC}.Release|Any CPU.ActiveCfg = Release|Any CPU
		{F7178ED8-C8B5-4454-918B-D2819A3D83BC}.Release|Any CPU.Build.0 = Release|Any CPU
	EndGlobalSection
	GlobalSection(SolutionProperties) = preSolution
		HideSolutionNode = FALSE
	EndGlobalSection
	GlobalSection(NestedProjects) = preSolution
		{4CDC2AC4-942C-4A53-B37A-0B3241C9463D} = {02EA681E-C7D8-13C7-8484-4AC65E1B71E8}
		{6E85B8BB-B908-497E-9118-0B25C2394909} = {02EA681E-C7D8-13C7-8484-4AC65E1B71E8}
		{C9906229-C220-4655-B360-55AFC14026B7} = {02EA681E-C7D8-13C7-8484-4AC65E1B71E8}
		{03CCA186-AB51-44D1-B9AB-DC5802865F34} = {5BC7C773-1082-42EA-B11E-6285544A6A50}
		{7BCAD154-FB19-4AFA-AF30-C5C4201CD2E1} = {5BC7C773-1082-42EA-B11E-6285544A6A50}
		{0C4DE6EB-3993-4617-A7E1-7054444FF1DD} = {5BC7C773-1082-42EA-B11E-6285544A6A50}
		{CF6EBFE6-A8E5-427D-9E63-9203DFC6D5BF} = {4313AD96-3E74-4A24-8AF9-DFFD807F72C4}
		{7594820C-1AB2-467A-AA18-1E2F0ACCB3BC} = {4313AD96-3E74-4A24-8AF9-DFFD807F72C4}
		{DB75E9A3-6D8B-46BC-B1C4-F9543416288F} = {4313AD96-3E74-4A24-8AF9-DFFD807F72C4}
		{FFB476F0-0118-4061-8FA9-05E22540D757} = {45A68620-D539-4F72-A998-81ED3F88CF81}
		{C841B13C-27AE-41B7-8BCD-7B1EA6C3B068} = {45A68620-D539-4F72-A998-81ED3F88CF81}
		{3B726678-CA3D-4C16-92E5-DEFBD502528A} = {45A68620-D539-4F72-A998-81ED3F88CF81}
		{8AA507B0-EC32-4BDA-94E3-D6BA29D1BA08} = {80DC8C9F-6D31-400A-A4ED-864868E310C0}
		{C3D01F4C-D37E-45BA-95D5-D825AA6A268D} = {80DC8C9F-6D31-400A-A4ED-864868E310C0}
		{F7178ED8-C8B5-4454-918B-D2819A3D83BC} = {80DC8C9F-6D31-400A-A4ED-864868E310C0}
	EndGlobalSection
	GlobalSection(ExtensibilityGlobals) = postSolution
		SolutionGuid = {ADE08F64-29FF-4858-B327-B191C1AD8458}
	EndGlobalSection
EndGlobal
